
Microsoft Visual Studio Solution File, Format Version 12.00
# Visual Studio Version 18
VisualStudioVersion = 18.4.11612.150 stable
MinimumVisualStudioVersion = 10.0.40219.1
Project("{FAE04EC0-301F-11D3-BF4B-00C04F79EFBC}") = "BitesAndMore.API", "BitesAndMore.API.csproj", "{930995EF-C856-ABDC-EB4B-C67D3FEDF759}"
EndProject
Global
	GlobalSection(SolutionConfigurationPlatforms) = preSolution
		Debug|Any CPU = Debug|Any CPU
		Release|Any CPU = Release|Any CPU
	EndGlobalSection
	GlobalSection(ProjectConfigurationPlatforms) = postSolution
		{930995EF-C856-ABDC-EB4B-C67D3FEDF759}.Debug|Any CPU.ActiveCfg = Debug|Any CPU
		{930995EF-C856-ABDC-EB4B-C67D3FEDF759}.Debug|Any CPU.Build.0 = Debug|Any CPU
		{930995EF-C856-ABDC-EB4B-C67D3FEDF759}.Release|Any CPU.ActiveCfg = Release|Any CPU
		{930995EF-C856-ABDC-EB4B-C67D3FEDF759}.Release|Any CPU.Build.0 = Release|Any CPU
	EndGlobalSection
	GlobalSection(SolutionProperties) = preSolution
		HideSolutionNode = FALSE
	EndGlobalSection
	GlobalSection(ExtensibilityGlobals) = postSolution
		SolutionGuid = {E1A4FE06-AFD5-4C71-8DC6-58D6D132C3AB}
	EndGlobalSection
EndGlobal
